
Microsoft Visual Studio Solution File, Format Version 12.00
# Visual Studio Version 17
VisualStudioVersion = 17.12.35527.113
MinimumVisualStudioVersion = 10.0.40219.1
Project("{2150E333-8FDC-42A3-9474-1A3956D46DE8}") = "Solution Items", "Solution Items", "{A23550E5-83BF-411C-8B12-77528AC231D2}"
	ProjectSection(SolutionItems) = preProject
		Directory.Packages.props = Directory.Packages.props
	EndProjectSection
EndProject
Project("{FAE04EC0-301F-11D3-BF4B-00C04F79EFBC}") = "VersaLog.Server", "VersaLog.Server\VersaLog.Server.csproj", "{7885F42E-11FD-424F-87BA-E9578C7A4BF0}"
EndProject
Project("{E53339B2-1760-4266-BCC7-CA923CBCF16C}") = "docker-compose", "docker-compose.dcproj", "{22378A4A-83D2-4F60-8BF2-A270DAB41816}"
EndProject
Project("{FAE04EC0-301F-11D3-BF4B-00C04F79EFBC}") = "VersaLog.Tests", "VersaLog.Tests\VersaLog.Tests.csproj", "{F542B6B7-24C1-460F-A85C-963BF859684E}"
EndProject
Global
	GlobalSection(SolutionConfigurationPlatforms) = preSolution
		Debug|Any CPU = Debug|Any CPU
		Release|Any CPU = Release|Any CPU
	EndGlobalSection
	GlobalSection(ProjectConfigurationPlatforms) = postSolution
		{7885F42E-11FD-424F-87BA-E9578C7A4BF0}.Debug|Any CPU.ActiveCfg = Debug|Any CPU
		{7885F42E-11FD-424F-87BA-E9578C7A4BF0}.Debug|Any CPU.Build.0 = Debug|Any CPU
		{7885F42E-11FD-424F-87BA-E9578C7A4BF0}.Release|Any CPU.ActiveCfg = Release|Any CPU
		{7885F42E-11FD-424F-87BA-E9578C7A4BF0}.Release|Any CPU.Build.0 = Release|Any CPU
		{22378A4A-83D2-4F60-8BF2-A270DAB41816}.Debug|Any CPU.ActiveCfg = Debug|Any CPU
		{22378A4A-83D2-4F60-8BF2-A270DAB41816}.Debug|Any CPU.Build.0 = Debug|Any CPU
		{22378A4A-83D2-4F60-8BF2-A270DAB41816}.Release|Any CPU.ActiveCfg = Release|Any CPU
		{22378A4A-83D2-4F60-8BF2-A270DAB41816}.Release|Any CPU.Build.0 = Release|Any CPU
		{F542B6B7-24C1-460F-A85C-963BF859684E}.Debug|Any CPU.ActiveCfg = Debug|Any CPU
		{F542B6B7-24C1-460F-A85C-963BF859684E}.Debug|Any CPU.Build.0 = Debug|Any CPU
		{F542B6B7-24C1-460F-A85C-963BF859684E}.Release|Any CPU.ActiveCfg = Release|Any CPU
		{F542B6B7-24C1-460F-A85C-963BF859684E}.Release|Any CPU.Build.0 = Release|Any CPU
	EndGlobalSection
	GlobalSection(SolutionProperties) = preSolution
		HideSolutionNode = FALSE
	EndGlobalSection
	GlobalSection(ExtensibilityGlobals) = postSolution
		SolutionGuid = {E4E919C6-249E-490A-8306-41D413FD3558}
	EndGlobalSection
EndGlobal
